
Microsoft Visual Studio Solution File, Format Version 12.00
# Visual Studio Version 17
VisualStudioVersion = 17.11.35303.130
MinimumVisualStudioVersion = 10.0.40219.1
Project("{FAE04EC0-301F-11D3-BF4B-00C04F79EFBC}") = "Project1", "Project1\Project1.csproj", "{BD63E131-AF32-409B-A6E9-A8DF3E1FE53F}"
EndProject
Global
	GlobalSection(SolutionConfigurationPlatforms) = preSolution
		Debug|Any CPU = Debug|Any CPU
		Release|Any CPU = Release|Any CPU
	EndGlobalSection
	GlobalSection(ProjectConfigurationPlatforms) = postSolution
		{BD63E131-AF32-409B-A6E9-A8DF3E1FE53F}.Debug|Any CPU.ActiveCfg = Debug|Any CPU
		{BD63E131-AF32-409B-A6E9-A8DF3E1FE53F}.Debug|Any CPU.Build.0 = Debug|Any CPU
		{BD63E131-AF32-409B-A6E9-A8DF3E1FE53F}.Release|Any CPU.ActiveCfg = Release|Any CPU
		{BD63E131-AF32-409B-A6E9-A8DF3E1FE53F}.Release|Any CPU.Build.0 = Release|Any CPU
	EndGlobalSection
	GlobalSection(SolutionProperties) = preSolution
		HideSolutionNode = FALSE
	EndGlobalSection
	GlobalSection(ExtensibilityGlobals) = postSolution
		SolutionGuid = {937FC563-CC42-4C6F-901F-55A8240EA950}
	EndGlobalSection
EndGlobal
